{
  "version": 4,
  "terraform_version": "1.5.2",
  "serial": 32,
  "lineage": "226643d8-2387-d10d-9116-89c053608a28",
  "outputs": {
    "vnetnome": {
      "value": "vnet-terraform-treinamento",
      "type": "string"
    }
  },
  "resources": [
    {
      "mode": "managed",
      "type": "azurerm_resource_group",
      "name": "grupo-recurso",
      "provider": "provider[\"registry.terraform.io/hashicorp/azurerm\"]",
      "instances": [
        {
          "schema_version": 0,
          "attributes": {
            "id": "/subscriptions/2ff04b0d-3c60-4204-befc-fbb93a0f1122/resourceGroups/rg-variaveis",
            "location": "eastus",
            "managed_by": "",
            "name": "rg-variaveis",
            "tags": {
              "ambiente": "desenvolvimento",
              "responsavel": "nome do criador",
              "treinamento": "terraform"
            },
            "timeouts": null
          },
          "sensitive_attributes": [],
          "private": "eyJlMmJmYjczMC1lY2FhLTExZTYtOGY4OC0zNDM2M2JjN2M0YzAiOnsiY3JlYXRlIjo1NDAwMDAwMDAwMDAwLCJkZWxldGUiOjU0MDAwMDAwMDAwMDAsInJlYWQiOjMwMDAwMDAwMDAwMCwidXBkYXRlIjo1NDAwMDAwMDAwMDAwfX0="
        }
      ]
    },
    {
      "mode": "managed",
      "type": "azurerm_virtual_network",
      "name": "vnet",
      "provider": "provider[\"registry.terraform.io/hashicorp/azurerm\"]",
      "instances": [
        {
          "schema_version": 0,
          "attributes": {
            "address_space": [
              "10.0.0.0/16",
              "192.168.0.0/16"
            ],
            "bgp_community": "",
            "ddos_protection_plan": [],
            "dns_servers": [],
            "edge_zone": "",
            "flow_timeout_in_minutes": 0,
            "guid": "a33e690a-200b-401c-a334-fe81195b51a7",
            "id": "/subscriptions/2ff04b0d-3c60-4204-befc-fbb93a0f1122/resourceGroups/rg-variaveis/providers/Microsoft.Network/virtualNetworks/vnet-terraform-treinamento",
            "location": "eastus",
            "name": "vnet-terraform-treinamento",
            "resource_group_name": "rg-variaveis",
            "subnet": [],
            "tags": null,
            "timeouts": null
          },
          "sensitive_attributes": [],
          "private": "eyJlMmJmYjczMC1lY2FhLTExZTYtOGY4OC0zNDM2M2JjN2M0YzAiOnsiY3JlYXRlIjoxODAwMDAwMDAwMDAwLCJkZWxldGUiOjE4MDAwMDAwMDAwMDAsInJlYWQiOjMwMDAwMDAwMDAwMCwidXBkYXRlIjoxODAwMDAwMDAwMDAwfX0=",
          "dependencies": [
            "azurerm_resource_group.grupo-recurso"
          ]
        }
      ]
    }
  ],
  "check_results": null
}
