{
  "version": 4,
  "terraform_version": "1.5.2",
  "serial": 5,
  "lineage": "98bd89a0-fa7d-6dd9-ea5d-b294bc9d0a57",
  "outputs": {
    "blobstorage-chave-primaria": {
      "value": "jD00s1PT6pjpWYT7pS7tPjCMzYeQpoAVmgMuwnQx360mKQ4eIgFklqJ9FXIkEV9U2GxhQMchWAPQ+ASt1bM4OQ==",
      "type": "string",
      "sensitive": true
    },
    "blobstorage-chave-secundaria": {
      "value": "VdtYZ8G+eX4S2Yn8iKe0NN6qgJKYox7qDOvL7iQLZshugq2cchAwLFz6Ijwv/ri3QjdQg8XLxrEO+AStqVzVaA==",
      "type": "string",
      "sensitive": true
    },
    "blobstorage-nome": {
      "value": "tftreinamentoh5i",
      "type": "string"
    }
  },
  "resources": [
    {
      "mode": "managed",
      "type": "azurerm_resource_group",
      "name": "rgstorage",
      "provider": "provider[\"registry.terraform.io/hashicorp/azurerm\"]",
      "instances": [
        {
          "schema_version": 0,
          "attributes": {
            "id": "/subscriptions/2ff04b0d-3c60-4204-befc-fbb93a0f1122/resourceGroups/storagerg",
            "location": "brazilsouth",
            "managed_by": "",
            "name": "storagerg",
            "tags": null,
            "timeouts": null
          },
          "sensitive_attributes": [],
          "private": "eyJlMmJmYjczMC1lY2FhLTExZTYtOGY4OC0zNDM2M2JjN2M0YzAiOnsiY3JlYXRlIjo1NDAwMDAwMDAwMDAwLCJkZWxldGUiOjU0MDAwMDAwMDAwMDAsInJlYWQiOjMwMDAwMDAwMDAwMCwidXBkYXRlIjo1NDAwMDAwMDAwMDAwfX0="
        }
      ]
    },
    {
      "mode": "managed",
      "type": "azurerm_storage_account",
      "name": "storagetf",
      "provider": "provider[\"registry.terraform.io/hashicorp/azurerm\"]",
      "instances": [
        {
          "schema_version": 4,
          "attributes": {
            "access_tier": "Hot",
            "account_kind": "StorageV2",
            "account_replication_type": "LRS",
            "account_tier": "Standard",
            "allow_nested_items_to_be_public": true,
            "allowed_copy_scope": "",
            "azure_files_authentication": [],
            "blob_properties": [
              {
                "change_feed_enabled": false,
                "change_feed_retention_in_days": 0,
                "container_delete_retention_policy": [],
                "cors_rule": [],
                "default_service_version": "",
                "delete_retention_policy": [],
                "last_access_time_enabled": false,
                "restore_policy": [],
                "versioning_enabled": false
              }
            ],
            "cross_tenant_replication_enabled": true,
            "custom_domain": [],
            "customer_managed_key": [],
            "default_to_oauth_authentication": false,
            "edge_zone": "",
            "enable_https_traffic_only": true,
            "id": "/subscriptions/2ff04b0d-3c60-4204-befc-fbb93a0f1122/resourceGroups/storagerg/providers/Microsoft.Storage/storageAccounts/tftreinamentoh5i",
            "identity": [],
            "immutability_policy": [],
            "infrastructure_encryption_enabled": false,
            "is_hns_enabled": false,
            "large_file_share_enabled": null,
            "location": "brazilsouth",
            "min_tls_version": "TLS1_2",
            "name": "tftreinamentoh5i",
            "network_rules": [
              {
                "bypass": [
                  "AzureServices"
                ],
                "default_action": "Allow",
                "ip_rules": [],
                "private_link_access": [],
                "virtual_network_subnet_ids": []
              }
            ],
            "nfsv3_enabled": false,
            "primary_access_key": "jD00s1PT6pjpWYT7pS7tPjCMzYeQpoAVmgMuwnQx360mKQ4eIgFklqJ9FXIkEV9U2GxhQMchWAPQ+ASt1bM4OQ==",
            "primary_blob_connection_string": "DefaultEndpointsProtocol=https;BlobEndpoint=https://tftreinamentoh5i.blob.core.windows.net/;AccountName=tftreinamentoh5i;AccountKey=jD00s1PT6pjpWYT7pS7tPjCMzYeQpoAVmgMuwnQx360mKQ4eIgFklqJ9FXIkEV9U2GxhQMchWAPQ+ASt1bM4OQ==",
            "primary_blob_endpoint": "https://tftreinamentoh5i.blob.core.windows.net/",
            "primary_blob_host": "tftreinamentoh5i.blob.core.windows.net",
            "primary_connection_string": "DefaultEndpointsProtocol=https;AccountName=tftreinamentoh5i;AccountKey=jD00s1PT6pjpWYT7pS7tPjCMzYeQpoAVmgMuwnQx360mKQ4eIgFklqJ9FXIkEV9U2GxhQMchWAPQ+ASt1bM4OQ==;EndpointSuffix=core.windows.net",
            "primary_dfs_endpoint": "https://tftreinamentoh5i.dfs.core.windows.net/",
            "primary_dfs_host": "tftreinamentoh5i.dfs.core.windows.net",
            "primary_file_endpoint": "https://tftreinamentoh5i.file.core.windows.net/",
            "primary_file_host": "tftreinamentoh5i.file.core.windows.net",
            "primary_location": "brazilsouth",
            "primary_queue_endpoint": "https://tftreinamentoh5i.queue.core.windows.net/",
            "primary_queue_host": "tftreinamentoh5i.queue.core.windows.net",
            "primary_table_endpoint": "https://tftreinamentoh5i.table.core.windows.net/",
            "primary_table_host": "tftreinamentoh5i.table.core.windows.net",
            "primary_web_endpoint": "https://tftreinamentoh5i.z15.web.core.windows.net/",
            "primary_web_host": "tftreinamentoh5i.z15.web.core.windows.net",
            "public_network_access_enabled": true,
            "queue_encryption_key_type": "Service",
            "queue_properties": [
              {
                "cors_rule": [],
                "hour_metrics": [
                  {
                    "enabled": true,
                    "include_apis": true,
                    "retention_policy_days": 7,
                    "version": "1.0"
                  }
                ],
                "logging": [
                  {
                    "delete": false,
                    "read": false,
                    "retention_policy_days": 0,
                    "version": "1.0",
                    "write": false
                  }
                ],
                "minute_metrics": [
                  {
                    "enabled": false,
                    "include_apis": false,
                    "retention_policy_days": 0,
                    "version": "1.0"
                  }
                ]
              }
            ],
            "resource_group_name": "storagerg",
            "routing": [],
            "sas_policy": [],
            "secondary_access_key": "VdtYZ8G+eX4S2Yn8iKe0NN6qgJKYox7qDOvL7iQLZshugq2cchAwLFz6Ijwv/ri3QjdQg8XLxrEO+AStqVzVaA==",
            "secondary_blob_connection_string": "",
            "secondary_blob_endpoint": null,
            "secondary_blob_host": null,
            "secondary_connection_string": "DefaultEndpointsProtocol=https;AccountName=tftreinamentoh5i;AccountKey=VdtYZ8G+eX4S2Yn8iKe0NN6qgJKYox7qDOvL7iQLZshugq2cchAwLFz6Ijwv/ri3QjdQg8XLxrEO+AStqVzVaA==;EndpointSuffix=core.windows.net",
            "secondary_dfs_endpoint": null,
            "secondary_dfs_host": null,
            "secondary_file_endpoint": null,
            "secondary_file_host": null,
            "secondary_location": "",
            "secondary_queue_endpoint": null,
            "secondary_queue_host": null,
            "secondary_table_endpoint": null,
            "secondary_table_host": null,
            "secondary_web_endpoint": null,
            "secondary_web_host": null,
            "sftp_enabled": false,
            "share_properties": [
              {
                "cors_rule": [],
                "retention_policy": [
                  {
                    "days": 7
                  }
                ],
                "smb": []
              }
            ],
            "shared_access_key_enabled": true,
            "static_website": [],
            "table_encryption_key_type": "Service",
            "tags": null,
            "timeouts": null
          },
          "sensitive_attributes": [],
          "private": "eyJlMmJmYjczMC1lY2FhLTExZTYtOGY4OC0zNDM2M2JjN2M0YzAiOnsiY3JlYXRlIjozNjAwMDAwMDAwMDAwLCJkZWxldGUiOjM2MDAwMDAwMDAwMDAsInJlYWQiOjMwMDAwMDAwMDAwMCwidXBkYXRlIjozNjAwMDAwMDAwMDAwfSwic2NoZW1hX3ZlcnNpb24iOiI0In0=",
          "dependencies": [
            "random_string.random"
          ]
        }
      ]
    },
    {
      "mode": "managed",
      "type": "azurerm_storage_container",
      "name": "container",
      "provider": "provider[\"registry.terraform.io/hashicorp/azurerm\"]",
      "instances": [
        {
          "schema_version": 1,
          "attributes": {
            "container_access_type": "private",
            "has_immutability_policy": false,
            "has_legal_hold": false,
            "id": "https://tftreinamentoh5i.blob.core.windows.net/terraform",
            "metadata": {},
            "name": "terraform",
            "resource_manager_id": "/subscriptions/2ff04b0d-3c60-4204-befc-fbb93a0f1122/resourceGroups/storagerg/providers/Microsoft.Storage/storageAccounts/tftreinamentoh5i/blobServices/default/containers/terraform",
            "storage_account_name": "tftreinamentoh5i",
            "timeouts": null
          },
          "sensitive_attributes": [],
          "private": "eyJlMmJmYjczMC1lY2FhLTExZTYtOGY4OC0zNDM2M2JjN2M0YzAiOnsiY3JlYXRlIjoxODAwMDAwMDAwMDAwLCJkZWxldGUiOjE4MDAwMDAwMDAwMDAsInJlYWQiOjMwMDAwMDAwMDAwMCwidXBkYXRlIjoxODAwMDAwMDAwMDAwfSwic2NoZW1hX3ZlcnNpb24iOiIxIn0=",
          "dependencies": [
            "azurerm_storage_account.storagetf",
            "random_string.random"
          ]
        }
      ]
    },
    {
      "mode": "managed",
      "type": "random_string",
      "name": "random",
      "provider": "provider[\"registry.terraform.io/hashicorp/random\"]",
      "instances": [
        {
          "schema_version": 2,
          "attributes": {
            "id": "h5i",
            "keepers": null,
            "length": 3,
            "lower": true,
            "min_lower": 0,
            "min_numeric": 0,
            "min_special": 0,
            "min_upper": 0,
            "number": true,
            "numeric": true,
            "override_special": null,
            "result": "h5i",
            "special": false,
            "upper": false
          },
          "sensitive_attributes": []
        }
      ]
    }
  ],
  "check_results": null
}
