{
  "version": 4,
  "terraform_version": "1.5.2",
  "serial": 41,
  "lineage": "2cbf50fa-9ac0-ee06-1b7c-fb98a497ae2e",
  "outputs": {
    "vnet_numeoips": {
      "value": 1,
      "type": "number"
    }
  },
  "resources": [
    {
      "mode": "managed",
      "type": "azurerm_network_security_group",
      "name": "nsg",
      "provider": "provider[\"registry.terraform.io/hashicorp/azurerm\"]",
      "instances": [
        {
          "schema_version": 0,
          "attributes": {
            "id": "/subscriptions/2ff04b0d-3c60-4204-befc-fbb93a0f1122/resourceGroups/vnetrg/providers/Microsoft.Network/networkSecurityGroups/treinamento-nsg",
            "location": "brazilsouth",
            "name": "treinamento-nsg",
            "resource_group_name": "vnetrg",
            "security_rule": [],
            "tags": null,
            "timeouts": null
          },
          "sensitive_attributes": [],
          "private": "eyJlMmJmYjczMC1lY2FhLTExZTYtOGY4OC0zNDM2M2JjN2M0YzAiOnsiY3JlYXRlIjoxODAwMDAwMDAwMDAwLCJkZWxldGUiOjE4MDAwMDAwMDAwMDAsInJlYWQiOjMwMDAwMDAwMDAwMCwidXBkYXRlIjoxODAwMDAwMDAwMDAwfX0=",
          "dependencies": [
            "azurerm_resource_group.vnetrg"
          ]
        }
      ]
    },
    {
      "mode": "managed",
      "type": "azurerm_resource_group",
      "name": "grupo-recurso",
      "provider": "provider[\"registry.terraform.io/hashicorp/azurerm\"]",
      "instances": [
        {
          "index_key": 0,
          "schema_version": 0,
          "attributes": {
            "id": "/subscriptions/2ff04b0d-3c60-4204-befc-fbb93a0f1122/resourceGroups/rg-terraform-mod5-0",
            "location": "brazilsouth",
            "managed_by": "",
            "name": "rg-terraform-mod5-0",
            "tags": {
              "ambiente": "qas",
              "data": "09 Aug 2023 12:02 UTC",
              "responsavel": "WILLIAM SOUZA ALVES",
              "tecnologia": "Terraform"
            },
            "timeouts": null
          },
          "sensitive_attributes": [],
          "private": "eyJlMmJmYjczMC1lY2FhLTExZTYtOGY4OC0zNDM2M2JjN2M0YzAiOnsiY3JlYXRlIjo1NDAwMDAwMDAwMDAwLCJkZWxldGUiOjU0MDAwMDAwMDAwMDAsInJlYWQiOjMwMDAwMDAwMDAwMCwidXBkYXRlIjo1NDAwMDAwMDAwMDAwfX0="
        },
        {
          "index_key": 1,
          "schema_version": 0,
          "attributes": {
            "id": "/subscriptions/2ff04b0d-3c60-4204-befc-fbb93a0f1122/resourceGroups/rg-terraform-mod5-1",
            "location": "brazilsouth",
            "managed_by": "",
            "name": "rg-terraform-mod5-1",
            "tags": {
              "ambiente": "qas",
              "data": "09 Aug 2023 12:02 UTC",
              "responsavel": "WILLIAM SOUZA ALVES",
              "tecnologia": "Terraform"
            },
            "timeouts": null
          },
          "sensitive_attributes": [],
          "private": "eyJlMmJmYjczMC1lY2FhLTExZTYtOGY4OC0zNDM2M2JjN2M0YzAiOnsiY3JlYXRlIjo1NDAwMDAwMDAwMDAwLCJkZWxldGUiOjU0MDAwMDAwMDAwMDAsInJlYWQiOjMwMDAwMDAwMDAwMCwidXBkYXRlIjo1NDAwMDAwMDAwMDAwfX0="
        }
      ]
    },
    {
      "mode": "managed",
      "type": "azurerm_resource_group",
      "name": "vnetrg",
      "provider": "provider[\"registry.terraform.io/hashicorp/azurerm\"]",
      "instances": [
        {
          "schema_version": 0,
          "attributes": {
            "id": "/subscriptions/2ff04b0d-3c60-4204-befc-fbb93a0f1122/resourceGroups/vnetrg",
            "location": "brazilsouth",
            "managed_by": "",
            "name": "vnetrg",
            "tags": {},
            "timeouts": null
          },
          "sensitive_attributes": [],
          "private": "eyJlMmJmYjczMC1lY2FhLTExZTYtOGY4OC0zNDM2M2JjN2M0YzAiOnsiY3JlYXRlIjo1NDAwMDAwMDAwMDAwLCJkZWxldGUiOjU0MDAwMDAwMDAwMDAsInJlYWQiOjMwMDAwMDAwMDAwMCwidXBkYXRlIjo1NDAwMDAwMDAwMDAwfX0="
        }
      ]
    },
    {
      "mode": "managed",
      "type": "azurerm_virtual_network",
      "name": "vnet",
      "provider": "provider[\"registry.terraform.io/hashicorp/azurerm\"]",
      "instances": [
        {
          "schema_version": 0,
          "attributes": {
            "address_space": [
              "10.0.0.0/8"
            ],
            "bgp_community": "",
            "ddos_protection_plan": [],
            "dns_servers": [],
            "edge_zone": "",
            "encryption": [],
            "flow_timeout_in_minutes": 0,
            "guid": "5804dca2-7fee-4d40-8f5c-6edbead0fae2",
            "id": "/subscriptions/2ff04b0d-3c60-4204-befc-fbb93a0f1122/resourceGroups/rg-terraform-mod5-1/providers/Microsoft.Network/virtualNetworks/vnettreinamentoazure",
            "location": "brazilsouth",
            "name": "vnettreinamentoazure",
            "resource_group_name": "rg-terraform-mod5-1",
            "subnet": [],
            "tags": {},
            "timeouts": null
          },
          "sensitive_attributes": [],
          "private": "eyJlMmJmYjczMC1lY2FhLTExZTYtOGY4OC0zNDM2M2JjN2M0YzAiOnsiY3JlYXRlIjoxODAwMDAwMDAwMDAwLCJkZWxldGUiOjE4MDAwMDAwMDAwMDAsInJlYWQiOjMwMDAwMDAwMDAwMCwidXBkYXRlIjoxODAwMDAwMDAwMDAwfX0="
        }
      ]
    }
  ],
  "check_results": null
}
