{
  "version": 4,
  "terraform_version": "1.5.2",
  "serial": 7,
  "lineage": "4bb683fd-93b7-ffc2-8eef-11b9ee4a6999",
  "outputs": {
    "arquivzip": {
      "value": 165,
      "type": "number"
    },
    "random_string": {
      "value": "WrWmC+g\u003c\u003eG",
      "type": "string"
    }
  },
  "resources": [
    {
      "mode": "data",
      "type": "archive_file",
      "name": "archivozip",
      "provider": "provider[\"registry.terraform.io/hashicorp/archive\"]",
      "instances": [
        {
          "schema_version": 0,
          "attributes": {
            "exclude_symlink_directories": null,
            "excludes": null,
            "id": "a984e2e4e2d783f614b1272c4b434830d5b143f5",
            "output_base64sha256": "VeZYUunvFDtvNmZQtmUTIpsrGJRCFOacG17iIgOp3h8=",
            "output_base64sha512": "x09lunU/lL/VLmRumJj5bPGepbayoAhOpIBQESy6u/mDlCKVel2l3VNTBECbKCPuZ+hA1dgMoCFsUv+S2l4tDw==",
            "output_file_mode": null,
            "output_md5": "e9b8b7bb19c1a368d3e55c1152713a7d",
            "output_path": "backup_dir.zip",
            "output_sha": "a984e2e4e2d783f614b1272c4b434830d5b143f5",
            "output_sha256": "55e65852e9ef143b6f366650b66513229b2b18944214e69c1b5ee22203a9de1f",
            "output_sha512": "c74f65ba753f94bfd52e646e9898f96cf19ea5b6b2a0084ea48050112cbabbf9839422957a5da5dd535304409b2823ee67e840d5d80ca0216c52ff92da5e2d0f",
            "output_size": 165,
            "source": [],
            "source_content": null,
            "source_content_filename": null,
            "source_dir": "data_backup/",
            "source_file": null,
            "type": "zip"
          },
          "sensitive_attributes": []
        }
      ]
    },
    {
      "mode": "managed",
      "type": "random_string",
      "name": "random",
      "provider": "provider[\"registry.terraform.io/hashicorp/random\"]",
      "instances": [
        {
          "schema_version": 2,
          "attributes": {
            "id": "WrWmC+g\u003c\u003eG",
            "keepers": null,
            "length": 10,
            "lower": true,
            "min_lower": 0,
            "min_numeric": 0,
            "min_special": 0,
            "min_upper": 0,
            "number": false,
            "numeric": false,
            "override_special": null,
            "result": "WrWmC+g\u003c\u003eG",
            "special": true,
            "upper": true
          },
          "sensitive_attributes": []
        }
      ]
    }
  ],
  "check_results": null
}
